
Microsoft Visual Studio Solution File, Format Version 12.00
# Visual Studio Version 17
VisualStudioVersion = 17.4.33110.190
MinimumVisualStudioVersion = 10.0.40219.1
Project("{FAE04EC0-301F-11D3-BF4B-00C04F79EFBC}") = "Lab1_54", "Lab1_54\Lab1_54.csproj", "{DFC33F7D-5FEC-4659-B197-34C145CE901C}"
EndProject
Global
	GlobalSection(SolutionConfigurationPlatforms) = preSolution
		Debug|Any CPU = Debug|Any CPU
		Release|Any CPU = Release|Any CPU
	EndGlobalSection
	GlobalSection(ProjectConfigurationPlatforms) = postSolution
		{DFC33F7D-5FEC-4659-B197-34C145CE901C}.Debug|Any CPU.ActiveCfg = Debug|Any CPU
		{DFC33F7D-5FEC-4659-B197-34C145CE901C}.Debug|Any CPU.Build.0 = Debug|Any CPU
		{DFC33F7D-5FEC-4659-B197-34C145CE901C}.Release|Any CPU.ActiveCfg = Release|Any CPU
		{DFC33F7D-5FEC-4659-B197-34C145CE901C}.Release|Any CPU.Build.0 = Release|Any CPU
	EndGlobalSection
	GlobalSection(SolutionProperties) = preSolution
		HideSolutionNode = FALSE
	EndGlobalSection
	GlobalSection(ExtensibilityGlobals) = postSolution
		SolutionGuid = {D939F15E-AA3B-41E0-91CF-4FCEF85AC5AD}
	EndGlobalSection
EndGlobal
